
Microsoft Visual Studio Solution File, Format Version 12.00
# Visual Studio Version 17
VisualStudioVersion = 17.14.36202.13
MinimumVisualStudioVersion = 10.0.40219.1
Project("{2150E333-8FDC-42A3-9474-1A3956D46DE8}") = "Solution Items", "Solution Items", "{8FC526EA-218B-4615-8410-4E1850611F38}"
	ProjectSection(SolutionItems) = preProject
		.editorconfig = .editorconfig
		Directory.Build.props = Directory.Build.props
		Directory.Packages.props = Directory.Packages.props
	EndProjectSection
EndProject
Project("{2150E333-8FDC-42A3-9474-1A3956D46DE8}") = "src", "src", "{64A28C1B-09AF-426E-8721-D002BE554B48}"
EndProject
Project("{FAE04EC0-301F-11D3-BF4B-00C04F79EFBC}") = "Web.Api", "src\Web.Api\Web.Api.csproj", "{9AC914AC-871E-440C-B23E-2FBCA04D0C4F}"
EndProject
Project("{FAE04EC0-301F-11D3-BF4B-00C04F79EFBC}") = "SharedKernel", "src\SharedKernel\SharedKernel.csproj", "{F7F9C63F-C6AD-4898-8B96-DAD1B56A2795}"
EndProject
Project("{FAE04EC0-301F-11D3-BF4B-00C04F79EFBC}") = "Domain", "src\Domain\Domain.csproj", "{79C9643E-6780-4E36-9A86-FA9689BCC65C}"
EndProject
Project("{FAE04EC0-301F-11D3-BF4B-00C04F79EFBC}") = "Application", "src\Application\Application.csproj", "{8F10EEED-146B-449F-A6BE-1B63939C2048}"
EndProject
Project("{FAE04EC0-301F-11D3-BF4B-00C04F79EFBC}") = "Infrastructure", "src\Infrastructure\Infrastructure.csproj", "{F9C2D871-DF44-4377-8EF1-C74773FE3224}"
EndProject
Global
	GlobalSection(SolutionConfigurationPlatforms) = preSolution
		Debug|Any CPU = Debug|Any CPU
		Release|Any CPU = Release|Any CPU
	EndGlobalSection
	GlobalSection(ProjectConfigurationPlatforms) = postSolution
		{9AC914AC-871E-440C-B23E-2FBCA04D0C4F}.Debug|Any CPU.ActiveCfg = Debug|Any CPU
		{9AC914AC-871E-440C-B23E-2FBCA04D0C4F}.Debug|Any CPU.Build.0 = Debug|Any CPU
		{9AC914AC-871E-440C-B23E-2FBCA04D0C4F}.Release|Any CPU.ActiveCfg = Release|Any CPU
		{9AC914AC-871E-440C-B23E-2FBCA04D0C4F}.Release|Any CPU.Build.0 = Release|Any CPU
		{F7F9C63F-C6AD-4898-8B96-DAD1B56A2795}.Debug|Any CPU.ActiveCfg = Debug|Any CPU
		{F7F9C63F-C6AD-4898-8B96-DAD1B56A2795}.Debug|Any CPU.Build.0 = Debug|Any CPU
		{F7F9C63F-C6AD-4898-8B96-DAD1B56A2795}.Release|Any CPU.ActiveCfg = Release|Any CPU
		{F7F9C63F-C6AD-4898-8B96-DAD1B56A2795}.Release|Any CPU.Build.0 = Release|Any CPU
		{79C9643E-6780-4E36-9A86-FA9689BCC65C}.Debug|Any CPU.ActiveCfg = Debug|Any CPU
		{79C9643E-6780-4E36-9A86-FA9689BCC65C}.Debug|Any CPU.Build.0 = Debug|Any CPU
		{79C9643E-6780-4E36-9A86-FA9689BCC65C}.Release|Any CPU.ActiveCfg = Release|Any CPU
		{79C9643E-6780-4E36-9A86-FA9689BCC65C}.Release|Any CPU.Build.0 = Release|Any CPU
		{8F10EEED-146B-449F-A6BE-1B63939C2048}.Debug|Any CPU.ActiveCfg = Debug|Any CPU
		{8F10EEED-146B-449F-A6BE-1B63939C2048}.Debug|Any CPU.Build.0 = Debug|Any CPU
		{8F10EEED-146B-449F-A6BE-1B63939C2048}.Release|Any CPU.ActiveCfg = Release|Any CPU
		{8F10EEED-146B-449F-A6BE-1B63939C2048}.Release|Any CPU.Build.0 = Release|Any CPU
		{F9C2D871-DF44-4377-8EF1-C74773FE3224}.Debug|Any CPU.ActiveCfg = Debug|Any CPU
		{F9C2D871-DF44-4377-8EF1-C74773FE3224}.Debug|Any CPU.Build.0 = Debug|Any CPU
		{F9C2D871-DF44-4377-8EF1-C74773FE3224}.Release|Any CPU.ActiveCfg = Release|Any CPU
		{F9C2D871-DF44-4377-8EF1-C74773FE3224}.Release|Any CPU.Build.0 = Release|Any CPU
	EndGlobalSection
	GlobalSection(SolutionProperties) = preSolution
		HideSolutionNode = FALSE
	EndGlobalSection
	GlobalSection(NestedProjects) = preSolution
		{9AC914AC-871E-440C-B23E-2FBCA04D0C4F} = {64A28C1B-09AF-426E-8721-D002BE554B48}
		{F7F9C63F-C6AD-4898-8B96-DAD1B56A2795} = {64A28C1B-09AF-426E-8721-D002BE554B48}
		{79C9643E-6780-4E36-9A86-FA9689BCC65C} = {64A28C1B-09AF-426E-8721-D002BE554B48}
		{8F10EEED-146B-449F-A6BE-1B63939C2048} = {64A28C1B-09AF-426E-8721-D002BE554B48}
		{F9C2D871-DF44-4377-8EF1-C74773FE3224} = {64A28C1B-09AF-426E-8721-D002BE554B48}
	EndGlobalSection
	GlobalSection(ExtensibilityGlobals) = postSolution
		SolutionGuid = {08856B87-5AA2-4CBC-A84C-43CCDEFD65BF}
	EndGlobalSection
EndGlobal
